
Microsoft Visual Studio Solution File, Format Version 12.00
# Visual Studio 2012
Project("{FAE04EC0-301F-11D3-BF4B-00C04F79EFBC}") = "ServerPlugin", "ServerPlugin\ServerPlugin.csproj", "{261CC55A-BAED-491C-B07E-387954DA1C50}"
EndProject
Project("{FAE04EC0-301F-11D3-BF4B-00C04F79EFBC}") = "CkanPlugin", "CkanPlugin\CkanPlugin.csproj", "{13F5605A-3FBA-4BA2-A4CB-96B37736002B}"
EndProject
Global
	GlobalSection(SolutionConfigurationPlatforms) = preSolution
		Debug|Any CPU = Debug|Any CPU
		Release|Any CPU = Release|Any CPU
	EndGlobalSection
	GlobalSection(ProjectConfigurationPlatforms) = postSolution
		{13F5605A-3FBA-4BA2-A4CB-96B37736002B}.Debug|Any CPU.ActiveCfg = Debug|Any CPU
		{13F5605A-3FBA-4BA2-A4CB-96B37736002B}.Debug|Any CPU.Build.0 = Debug|Any CPU
		{13F5605A-3FBA-4BA2-A4CB-96B37736002B}.Release|Any CPU.ActiveCfg = Release|Any CPU
		{13F5605A-3FBA-4BA2-A4CB-96B37736002B}.Release|Any CPU.Build.0 = Release|Any CPU
		{261CC55A-BAED-491C-B07E-387954DA1C50}.Debug|Any CPU.ActiveCfg = Debug|Any CPU
		{261CC55A-BAED-491C-B07E-387954DA1C50}.Debug|Any CPU.Build.0 = Debug|Any CPU
		{261CC55A-BAED-491C-B07E-387954DA1C50}.Release|Any CPU.ActiveCfg = Release|Any CPU
		{261CC55A-BAED-491C-B07E-387954DA1C50}.Release|Any CPU.Build.0 = Release|Any CPU
	EndGlobalSection
	GlobalSection(MonoDevelopProperties) = preSolution
		StartupItem = ServerPlugin\ServerPlugin.csproj
	EndGlobalSection
EndGlobal
